
Microsoft Visual Studio Solution File, Format Version 12.00
# Visual Studio Version 17
VisualStudioVersion = 17.6.33712.159
MinimumVisualStudioVersion = 10.0.40219.1
Project("{FAE04EC0-301F-11D3-BF4B-00C04F79EFBC}") = "MGRTS", "MGRTS\MGRTS.csproj", "{DF00692A-E79D-4424-9291-81AB527E23EA}"
EndProject
Global
	GlobalSection(SolutionConfigurationPlatforms) = preSolution
		Debug|Any CPU = Debug|Any CPU
		Release|Any CPU = Release|Any CPU
	EndGlobalSection
	GlobalSection(ProjectConfigurationPlatforms) = postSolution
		{DF00692A-E79D-4424-9291-81AB527E23EA}.Debug|Any CPU.ActiveCfg = Debug|Any CPU
		{DF00692A-E79D-4424-9291-81AB527E23EA}.Debug|Any CPU.Build.0 = Debug|Any CPU
		{DF00692A-E79D-4424-9291-81AB527E23EA}.Release|Any CPU.ActiveCfg = Release|Any CPU
		{DF00692A-E79D-4424-9291-81AB527E23EA}.Release|Any CPU.Build.0 = Release|Any CPU
	EndGlobalSection
	GlobalSection(SolutionProperties) = preSolution
		HideSolutionNode = FALSE
	EndGlobalSection
	GlobalSection(ExtensibilityGlobals) = postSolution
		SolutionGuid = {A4C353A7-0E06-4FB0-A9C1-898B8DFF2D07}
	EndGlobalSection
EndGlobal
